
Microsoft Visual Studio Solution File, Format Version 12.00
# Visual Studio Version 17
VisualStudioVersion = 17.11.35327.3
MinimumVisualStudioVersion = 10.0.40219.1
Project("{2150E333-8FDC-42A3-9474-1A3956D46DE8}") = "2 - Application", "2 - Application", "{2BADD896-9DCC-489A-9859-CE6DA5D39B40}"
EndProject
Project("{2150E333-8FDC-42A3-9474-1A3956D46DE8}") = "3 - Domain", "3 - Domain", "{05BBAFD1-BD17-40D9-8B1E-DCF6AB58954F}"
EndProject
Project("{2150E333-8FDC-42A3-9474-1A3956D46DE8}") = "4 - Infrastructure", "4 - Infrastructure", "{4C1B17A1-D4EB-427C-BD3C-53EA11ADEF6E}"
EndProject
Project("{2150E333-8FDC-42A3-9474-1A3956D46DE8}") = "1 - Presentation", "1 - Presentation", "{01674122-6357-464D-BB74-B8FD5D3908FE}"
EndProject
Project("{2150E333-8FDC-42A3-9474-1A3956D46DE8}") = "5 - CrossCutting", "5 - CrossCutting", "{CFF5537B-E32C-499C-B9A8-212EDE445EE8}"
EndProject
Project("{FAE04EC0-301F-11D3-BF4B-00C04F79EFBC}") = "CadastroDeClientes_Application", "CadastroDeClientes_Application\CadastroDeClientes_Application.csproj", "{731D2E1C-7B14-447B-BA40-F1F26872980B}"
EndProject
Project("{FAE04EC0-301F-11D3-BF4B-00C04F79EFBC}") = "CadastroDeClientes_Domain", "CadastroDeClientes_Domain\CadastroDeClientes_Domain.csproj", "{FD73E6FC-E4CE-4875-AD53-DC7AA26A6BAB}"
EndProject
Project("{FAE04EC0-301F-11D3-BF4B-00C04F79EFBC}") = "CadastroDeClientes_Infrastructure", "CadastroDeClientes_Infrastructure\CadastroDeClientes_Infrastructure.csproj", "{B603AB0D-2CAE-4E79-A755-584F6A365EA6}"
EndProject
Project("{FAE04EC0-301F-11D3-BF4B-00C04F79EFBC}") = "CadastroDeClientes_CrossCutting", "CadastroDeClientes_CrossCutting\CadastroDeClientes_CrossCutting.csproj", "{72F33AA3-D724-4CE3-9867-12F36828D22F}"
EndProject
Project("{FAE04EC0-301F-11D3-BF4B-00C04F79EFBC}") = "CadastroDeClientes_Presentation", "CadastroDeClientes_Presentation\CadastroDeClientes_Presentation.csproj", "{EB2A6FFD-9961-450C-B790-7CBD2016BED5}"
EndProject
Global
	GlobalSection(SolutionConfigurationPlatforms) = preSolution
		Debug|Any CPU = Debug|Any CPU
		Release|Any CPU = Release|Any CPU
	EndGlobalSection
	GlobalSection(ProjectConfigurationPlatforms) = postSolution
		{731D2E1C-7B14-447B-BA40-F1F26872980B}.Debug|Any CPU.ActiveCfg = Debug|Any CPU
		{731D2E1C-7B14-447B-BA40-F1F26872980B}.Debug|Any CPU.Build.0 = Debug|Any CPU
		{731D2E1C-7B14-447B-BA40-F1F26872980B}.Release|Any CPU.ActiveCfg = Release|Any CPU
		{731D2E1C-7B14-447B-BA40-F1F26872980B}.Release|Any CPU.Build.0 = Release|Any CPU
		{FD73E6FC-E4CE-4875-AD53-DC7AA26A6BAB}.Debug|Any CPU.ActiveCfg = Debug|Any CPU
		{FD73E6FC-E4CE-4875-AD53-DC7AA26A6BAB}.Debug|Any CPU.Build.0 = Debug|Any CPU
		{FD73E6FC-E4CE-4875-AD53-DC7AA26A6BAB}.Release|Any CPU.ActiveCfg = Release|Any CPU
		{FD73E6FC-E4CE-4875-AD53-DC7AA26A6BAB}.Release|Any CPU.Build.0 = Release|Any CPU
		{B603AB0D-2CAE-4E79-A755-584F6A365EA6}.Debug|Any CPU.ActiveCfg = Debug|Any CPU
		{B603AB0D-2CAE-4E79-A755-584F6A365EA6}.Debug|Any CPU.Build.0 = Debug|Any CPU
		{B603AB0D-2CAE-4E79-A755-584F6A365EA6}.Release|Any CPU.ActiveCfg = Release|Any CPU
		{B603AB0D-2CAE-4E79-A755-584F6A365EA6}.Release|Any CPU.Build.0 = Release|Any CPU
		{72F33AA3-D724-4CE3-9867-12F36828D22F}.Debug|Any CPU.ActiveCfg = Debug|Any CPU
		{72F33AA3-D724-4CE3-9867-12F36828D22F}.Debug|Any CPU.Build.0 = Debug|Any CPU
		{72F33AA3-D724-4CE3-9867-12F36828D22F}.Release|Any CPU.ActiveCfg = Release|Any CPU
		{72F33AA3-D724-4CE3-9867-12F36828D22F}.Release|Any CPU.Build.0 = Release|Any CPU
		{EB2A6FFD-9961-450C-B790-7CBD2016BED5}.Debug|Any CPU.ActiveCfg = Debug|Any CPU
		{EB2A6FFD-9961-450C-B790-7CBD2016BED5}.Debug|Any CPU.Build.0 = Debug|Any CPU
		{EB2A6FFD-9961-450C-B790-7CBD2016BED5}.Release|Any CPU.ActiveCfg = Release|Any CPU
		{EB2A6FFD-9961-450C-B790-7CBD2016BED5}.Release|Any CPU.Build.0 = Release|Any CPU
	EndGlobalSection
	GlobalSection(SolutionProperties) = preSolution
		HideSolutionNode = FALSE
	EndGlobalSection
	GlobalSection(NestedProjects) = preSolution
		{731D2E1C-7B14-447B-BA40-F1F26872980B} = {2BADD896-9DCC-489A-9859-CE6DA5D39B40}
		{FD73E6FC-E4CE-4875-AD53-DC7AA26A6BAB} = {05BBAFD1-BD17-40D9-8B1E-DCF6AB58954F}
		{B603AB0D-2CAE-4E79-A755-584F6A365EA6} = {4C1B17A1-D4EB-427C-BD3C-53EA11ADEF6E}
		{72F33AA3-D724-4CE3-9867-12F36828D22F} = {CFF5537B-E32C-499C-B9A8-212EDE445EE8}
		{EB2A6FFD-9961-450C-B790-7CBD2016BED5} = {01674122-6357-464D-BB74-B8FD5D3908FE}
	EndGlobalSection
	GlobalSection(ExtensibilityGlobals) = postSolution
		SolutionGuid = {A5871C82-F5B7-4BF2-9AEA-6B6CBDF5B1E0}
	EndGlobalSection
EndGlobal
